// !$*UTF8*$!
{
	archiveVersion = 1;
	classes = {
	};
	objectVersion = 46;
	objects = {

/* Begin PBXBuildFile section */
		F4B392771D747275002C715A /* AppDelegate.swift in Sources */ = {isa = PBXBuildFile; fileRef = F4B392761D747275002C715A /* AppDelegate.swift */; };
		F4B392791D747275002C715A /* ViewController.swift in Sources */ = {isa = PBXBuildFile; fileRef = F4B392781D747275002C715A /* ViewController.swift */; };
		F4B3927B1D747275002C715A /* Assets.xcassets in Resources */ = {isa = PBXBuildFile; fileRef = F4B3927A1D747275002C715A /* Assets.xcassets */; };
		F4B3927E1D747275002C715A /* Main.storyboard in Resources */ = {isa = PBXBuildFile; fileRef = F4B3927C1D747275002C715A /* Main.storyboard */; };
		F4B392871D7477C3002C715A /* LoremSwiftum.swift in Sources */ = {isa = PBXBuildFile; fileRef = F4B392861D7477C3002C715A /* LoremSwiftum.swift */; };
/* End PBXBuildFile section */

/* Begin PBXFileReference section */
		F4B392731D747275002C715A /* AnimatedCollectionSort.app */ = {isa = PBXFileReference; explicitFileType = wrapper.application; includeInIndex = 0; path = AnimatedCollectionSort.app; sourceTree = BUILT_PRODUCTS_DIR; };
		F4B392761D747275002C715A /* AppDelegate.swift */ = {isa = PBXFileReference; lastKnownFileType = sourcecode.swift; path = AppDelegate.swift; sourceTree = "<group>"; };
		F4B392781D747275002C715A /* ViewController.swift */ = {isa = PBXFileReference; lastKnownFileType = sourcecode.swift; path = ViewController.swift; sourceTree = "<group>"; };
		F4B3927A1D747275002C715A /* Assets.xcassets */ = {isa = PBXFileReference; lastKnownFileType = folder.assetcatalog; path = Assets.xcassets; sourceTree = "<group>"; };
		F4B3927D1D747275002C715A /* Base */ = {isa = PBXFileReference; lastKnownFileType = file.storyboard; name = Base; path = Base.lproj/Main.storyboard; sourceTree = "<group>"; };
		F4B3927F1D747275002C715A /* Info.plist */ = {isa = PBXFileReference; lastKnownFileType = text.plist.xml; path = Info.plist; sourceTree = "<group>"; };
		F4B392861D7477C3002C715A /* LoremSwiftum.swift */ = {isa = PBXFileReference; fileEncoding = 4; lastKnownFileType = sourcecode.swift; path = LoremSwiftum.swift; sourceTree = "<group>"; };
/* End PBXFileReference section */

/* Begin PBXFrameworksBuildPhase section */
		F4B392701D747275002C715A /* Frameworks */ = {
			isa = PBXFrameworksBuildPhase;
			buildActionMask = 2147483647;
			files = (
			);
			runOnlyForDeploymentPostprocessing = 0;
		};
/* End PBXFrameworksBuildPhase section */

/* Begin PBXGroup section */
		F4B3926A1D747275002C715A = {
			isa = PBXGroup;
			children = (
				F4B392751D747275002C715A /* AnimatedCollectionSort */,
				F4B392741D747275002C715A /* Products */,
			);
			sourceTree = "<group>";
		};
		F4B392741D747275002C715A /* Products */ = {
			isa = PBXGroup;
			children = (
				F4B392731D747275002C715A /* AnimatedCollectionSort.app */,
			);
			name = Products;
			sourceTree = "<group>";
		};
		F4B392751D747275002C715A /* AnimatedCollectionSort */ = {
			isa = PBXGroup;
			children = (
				F4B392861D7477C3002C715A /* LoremSwiftum.swift */,
				F4B392761D747275002C715A /* AppDelegate.swift */,
				F4B392781D747275002C715A /* ViewController.swift */,
				F4B3927A1D747275002C715A /* Assets.xcassets */,
				F4B3927C1D747275002C715A /* Main.storyboard */,
				F4B3927F1D747275002C715A /* Info.plist */,
			);
			path = AnimatedCollectionSort;
			sourceTree = "<group>";
		};
/* End PBXGroup section */

/* Begin PBXNativeTarget section */
		F4B392721D747275002C715A /* AnimatedCollectionSort */ = {
			isa = PBXNativeTarget;
			buildConfigurationList = F4B392821D747275002C715A /* Build configuration list for PBXNativeTarget "AnimatedCollectionSort" */;
			buildPhases = (
				F4B3926F1D747275002C715A /* Sources */,
				F4B392701D747275002C715A /* Frameworks */,
				F4B392711D747275002C715A /* Resources */,
			);
			buildRules = (
			);
			dependencies = (
			);
			name = AnimatedCollectionSort;
			productName = AnimatedCollectionSort;
			productReference = F4B392731D747275002C715A /* AnimatedCollectionSort.app */;
			productType = "com.apple.product-type.application";
		};
/* End PBXNativeTarget section */

/* Begin PBXProject section */
		F4B3926B1D747275002C715A /* Project object */ = {
			isa = PBXProject;
			attributes = {
				LastSwiftUpdateCheck = 0730;
				LastUpgradeCheck = 0730;
				ORGANIZATIONNAME = "Eugene Mankovski";
				TargetAttributes = {
					F4B392721D747275002C715A = {
						CreatedOnToolsVersion = 7.3.1;
					};
				};
			};
			buildConfigurationList = F4B3926E1D747275002C715A /* Build configuration list for PBXProject "AnimatedCollectionSort" */;
			compatibilityVersion = "Xcode 3.2";
			developmentRegion = English;
			hasScannedForEncodings = 0;
			knownRegions = (
				en,
				Base,
			);
			mainGroup = F4B3926A1D747275002C715A;
			productRefGroup = F4B392741D747275002C715A /* Products */;
			projectDirPath = "";
			projectRoot = "";
			targets = (
				F4B392721D747275002C715A /* AnimatedCollectionSort */,
			);
		};
/* End PBXProject section */

/* Begin PBXResourcesBuildPhase section */
		F4B392711D747275002C715A /* Resources */ = {
			isa = PBXResourcesBuildPhase;
			buildActionMask = 2147483647;
			files = (
				F4B3927B1D747275002C715A /* Assets.xcassets in Resources */,
				F4B3927E1D747275002C715A /* Main.storyboard in Resources */,
			);
			runOnlyForDeploymentPostprocessing = 0;
		};
/* End PBXResourcesBuildPhase section */

/* Begin PBXSourcesBuildPhase section */
		F4B3926F1D747275002C715A /* Sources */ = {
			isa = PBXSourcesBuildPhase;
			buildActionMask = 2147483647;
			files = (
				F4B392871D7477C3002C715A /* LoremSwiftum.swift in Sources */,
				F4B392791D747275002C715A /* ViewController.swift in Sources */,
				F4B392771D747275002C715A /* AppDelegate.swift in Sources */,
			);
			runOnlyForDeploymentPostprocessing = 0;
		};
/* End PBXSourcesBuildPhase section */

/* Begin PBXVariantGroup section */
		F4B3927C1D747275002C715A /* Main.storyboard */ = {
			isa = PBXVariantGroup;
			children = (
				F4B3927D1D747275002C715A /* Base */,
			);
			name = Main.storyboard;
			sourceTree = "<group>";
		};
/* End PBXVariantGroup section */

/* Begin XCBuildConfiguration section */
		F4B392801D747275002C715A /* Debug */ = {
			isa = XCBuildConfiguration;
			buildSettings = {
				ALWAYS_SEARCH_USER_PATHS = NO;
				CLANG_ANALYZER_NONNULL = YES;
				CLANG_CXX_LANGUAGE_STANDARD = "gnu++0x";
				CLANG_CXX_LIBRARY = "libc++";
				CLANG_ENABLE_MODULES = YES;
				CLANG_ENABLE_OBJC_ARC = YES;
				CLANG_WARN_BOOL_CONVERSION = YES;
				CLANG_WARN_CONSTANT_CONVERSION = YES;
				CLANG_WARN_DIRECT_OBJC_ISA_USAGE = YES_ERROR;
				CLANG_WARN_EMPTY_BODY = YES;
				CLANG_WARN_ENUM_CONVERSION = YES;
				CLANG_WARN_INT_CONVERSION = YES;
				CLANG_WARN_OBJC_ROOT_CLASS = YES_ERROR;
				CLANG_WARN_UNREACHABLE_CODE = YES;
				CLANG_WARN__DUPLICATE_METHOD_MATCH = YES;
				CODE_SIGN_IDENTITY = "-";
				COPY_PHASE_STRIP = NO;
				DEBUG_INFORMATION_FORMAT = dwarf;
				ENABLE_STRICT_OBJC_MSGSEND = YES;
				ENABLE_TESTABILITY = YES;
				GCC_C_LANGUAGE_STANDARD = gnu99;
				GCC_DYNAMIC_NO_PIC = NO;
				GCC_NO_COMMON_BLOCKS = YES;
				GCC_OPTIMIZATION_LEVEL = 0;
				GCC_PREPROCESSOR_DEFINITIONS = (
					"DEBUG=1",
					"$(inherited)",
				);
				GCC_WARN_64_TO_32_BIT_CONVERSION = YES;
				GCC_WARN_ABOUT_RETURN_TYPE = YES_ERROR;
				GCC_WARN_UNDECLARED_SELECTOR = YES;
				GCC_WARN_UNINITIALIZED_AUTOS = YES_AGGRESSIVE;
				GCC_WARN_UNUSED_FUNCTION = YES;
				GCC_WARN_UNUSED_VARIABLE = YES;
				MACOSX_DEPLOYMENT_TARGET = 10.11;
				MTL_ENABLE_DEBUG_INFO = YES;
				ONLY_ACTIVE_ARCH = YES;
				SDKROOT = macosx;
				SWIFT_OPTIMIZATION_LEVEL = "-Onone";
			};
			name = Debug;
		};
		F4B392811D747275002C715A /* Release */ = {
			isa = XCBuildConfiguration;
			buildSettings = {
				ALWAYS_SEARCH_USER_PATHS = NO;
				CLANG_ANALYZER_NONNULL = YES;
				CLANG_CXX_LANGUAGE_STANDARD = "gnu++0x";
				CLANG_CXX_LIBRARY = "libc++";
				CLANG_ENABLE_MODULES = YES;
				CLANG_ENABLE_OBJC_ARC = YES;
				CLANG_WARN_BOOL_CONVERSION = YES;
				CLANG_WARN_CONSTANT_CONVERSION = YES;
				CLANG_WARN_DIRECT_OBJC_ISA_USAGE = YES_ERROR;
				CLANG_WARN_EMPTY_BODY = YES;
				CLANG_WARN_ENUM_CONVERSION = YES;
				CLANG_WARN_INT_CONVERSION = YES;
				CLANG_WARN_OBJC_ROOT_CLASS = YES_ERROR;
				CLANG_WARN_UNREACHABLE_CODE = YES;
				CLANG_WARN__DUPLICATE_METHOD_MATCH = YES;
				CODE_SIGN_IDENTITY = "-";
				COPY_PHASE_STRIP = NO;
				DEBUG_INFORMATION_FORMAT = "dwarf-with-dsym";
				ENABLE_NS_ASSERTIONS = NO;
				ENABLE_STRICT_OBJC_MSGSEND = YES;
				GCC_C_LANGUAGE_STANDARD = gnu99;
				GCC_NO_COMMON_BLOCKS = YES;
				GCC_WARN_64_TO_32_BIT_CONVERSION = YES;
				GCC_WARN_ABOUT_RETURN_TYPE = YES_ERROR;
				GCC_WARN_UNDECLARED_SELECTOR = YES;
				GCC_WARN_UNINITIALIZED_AUTOS = YES_AGGRESSIVE;
				GCC_WARN_UNUSED_FUNCTION = YES;
				GCC_WARN_UNUSED_VARIABLE = YES;
				MACOSX_DEPLOYMENT_TARGET = 10.11;
				MTL_ENABLE_DEBUG_INFO = NO;
				SDKROOT = macosx;
			};
			name = Release;
		};
		F4B392831D747275002C715A /* Debug */ = {
			isa = XCBuildConfiguration;
			buildSettings = {
				ASSETCATALOG_COMPILER_APPICON_NAME = AppIcon;
				COMBINE_HIDPI_IMAGES = YES;
				INFOPLIST_FILE = AnimatedCollectionSort/Info.plist;
				LD_RUNPATH_SEARCH_PATHS = "$(inherited) @executable_path/../Frameworks";
				PRODUCT_BUNDLE_IDENTIFIER = net.mankovski.AnimatedCollectionSort;
				PRODUCT_NAME = "$(TARGET_NAME)";
			};
			name = Debug;
		};
		F4B392841D747275002C715A /* Release */ = {
			isa = XCBuildConfiguration;
			buildSettings = {
				ASSETCATALOG_COMPILER_APPICON_NAME = AppIcon;
				COMBINE_HIDPI_IMAGES = YES;
				INFOPLIST_FILE = AnimatedCollectionSort/Info.plist;
				LD_RUNPATH_SEARCH_PATHS = "$(inherited) @executable_path/../Frameworks";
				PRODUCT_BUNDLE_IDENTIFIER = net.mankovski.AnimatedCollectionSort;
				PRODUCT_NAME = "$(TARGET_NAME)";
			};
			name = Release;
		};
/* End XCBuildConfiguration section */

/* Begin XCConfigurationList section */
		F4B3926E1D747275002C715A /* Build configuration list for PBXProject "AnimatedCollectionSort" */ = {
			isa = XCConfigurationList;
			buildConfigurations = (
				F4B392801D747275002C715A /* Debug */,
				F4B392811D747275002C715A /* Release */,
			);
			defaultConfigurationIsVisible = 0;
			defaultConfigurationName = Release;
		};
		F4B392821D747275002C715A /* Build configuration list for PBXNativeTarget "AnimatedCollectionSort" */ = {
			isa = XCConfigurationList;
			buildConfigurations = (
				F4B392831D747275002C715A /* Debug */,
				F4B392841D747275002C715A /* Release */,
			);
			defaultConfigurationIsVisible = 0;
		};
/* End XCConfigurationList section */
	};
	rootObject = F4B3926B1D747275002C715A /* Project object */;
}
